PODS:
  - SDWebImage (4.4.6):
    - SDWebImage/Core (= 4.4.6)
  - SDWebImage/Core (4.4.6)

DEPENDENCIES:
  - SDWebImage (~> 4.4.0)

SPEC REPOS:
  https://github.com/cocoapods/specs.git:
    - SDWebImage

SPEC CHECKSUMS:
  SDWebImage: 3f3f0c02f09798048c47a5ed0a13f17b063572d8

PODFILE CHECKSUM: 1267d4e1bd7178192e8edae3d3d9f8d163c4157c

COCOAPODS: 1.5.3
